
Microsoft Visual Studio Solution File, Format Version 12.00
# Visual Studio 15
VisualStudioVersion = 15.0.28307.102
MinimumVisualStudioVersion = 10.0.40219.1
Project("{FAE04EC0-301F-11D3-BF4B-00C04F79EFBC}") = "ClassSort", "ClassSort\ClassSort.csproj", "{DDB23528-E255-40D3-8B64-551C41F19AEB}"
EndProject
Global
	GlobalSection(SolutionConfigurationPlatforms) = preSolution
		Debug|Any CPU = Debug|Any CPU
		Release|Any CPU = Release|Any CPU
	EndGlobalSection
	GlobalSection(ProjectConfigurationPlatforms) = postSolution
		{DDB23528-E255-40D3-8B64-551C41F19AEB}.Debug|Any CPU.ActiveCfg = Debug|Any CPU
		{DDB23528-E255-40D3-8B64-551C41F19AEB}.Debug|Any CPU.Build.0 = Debug|Any CPU
		{DDB23528-E255-40D3-8B64-551C41F19AEB}.Release|Any CPU.ActiveCfg = Release|Any CPU
		{DDB23528-E255-40D3-8B64-551C41F19AEB}.Release|Any CPU.Build.0 = Release|Any CPU
	EndGlobalSection
	GlobalSection(SolutionProperties) = preSolution
		HideSolutionNode = FALSE
	EndGlobalSection
	GlobalSection(ExtensibilityGlobals) = postSolution
		SolutionGuid = {BDFC4252-1C38-44FA-8B82-478A118CF933}
	EndGlobalSection
EndGlobal
